{
  "requires": true,
  "lockfileVersion": 1,
  "dependencies": {
    "@types/bingmaps": {
      "version": "0.0.1",
      "resolved": "https://registry.npmjs.org/@types/bingmaps/-/bingmaps-0.0.1.tgz",
      "integrity": "sha512-jNcii5qVe+CLqhj/IOOaZbjCpWUHUj6YbD9UHttgyQSiL4NbgQ5ERQWjIwuvhz73FCQdF/JuGVTnLswgEIdkow=="
    },
    "bingmaps": {
      "version": "2.0.3",
      "resolved": "https://registry.npmjs.org/bingmaps/-/bingmaps-2.0.3.tgz",
      "integrity": "sha1-WFB7PH1inzW1VtYFIrNuoyUPFQ4="
    }
  }
}
