
Microsoft Visual Studio Solution File, Format Version 12.00
# Visual Studio Version 16
VisualStudioVersion = 16.0.28803.156
MinimumVisualStudioVersion = 10.0.40219.1
Project("{FAE04EC0-301F-11D3-BF4B-00C04F79EFBC}") = "Chapter10", "Chapter10\Chapter10.csproj", "{08DB8AF7-C23F-4C83-8D3F-6A3C8EB7157D}"
EndProject
Global
	GlobalSection(SolutionConfigurationPlatforms) = preSolution
		Debug|Any CPU = Debug|Any CPU
		Release|Any CPU = Release|Any CPU
	EndGlobalSection
	GlobalSection(ProjectConfigurationPlatforms) = postSolution
		{08DB8AF7-C23F-4C83-8D3F-6A3C8EB7157D}.Debug|Any CPU.ActiveCfg = Debug|Any CPU
		{08DB8AF7-C23F-4C83-8D3F-6A3C8EB7157D}.Debug|Any CPU.Build.0 = Debug|Any CPU
		{08DB8AF7-C23F-4C83-8D3F-6A3C8EB7157D}.Release|Any CPU.ActiveCfg = Release|Any CPU
		{08DB8AF7-C23F-4C83-8D3F-6A3C8EB7157D}.Release|Any CPU.Build.0 = Release|Any CPU
	EndGlobalSection
	GlobalSection(SolutionProperties) = preSolution
		HideSolutionNode = FALSE
	EndGlobalSection
	GlobalSection(ExtensibilityGlobals) = postSolution
		SolutionGuid = {FB65F79A-F3BF-495A-8E23-AB622B956020}
	EndGlobalSection
EndGlobal
